{
  "name": "api",
  "version": "1.0.0",
  "lockfileVersion": 1,
  "requires": true,
  "dependencies": {
    "@now/node": {
      "version": "1.0.2",
      "resolved": "https://registry.npmjs.org/@now/node/-/node-1.0.2.tgz",
      "integrity": "sha512-jGcpqOyQuxbYz0yBAV+Y5VTmuCF+geai1zOQPPKBNzsh+9j5Yoo8f0ImaGYkJeTQv19exKf3hHa5OcA4q4+5qg==",
      "dev": true,
      "requires": {
        "@types/node": "*"
      }
    },
    "@types/node": {
      "version": "12.12.5",
      "resolved": "https://registry.npmjs.org/@types/node/-/node-12.12.5.tgz",
      "integrity": "sha512-KEjODidV4XYUlJBF3XdjSH5FWoMCtO0utnhtdLf1AgeuZLOrRbvmU/gaRCVg7ZaQDjVf3l84egiY0mRNe5xE4A==",
      "dev": true
    }
  }
}
